<?xml version="1.0" encoding="utf-8"?>
<Project ToolsVersion="4.0" xmlns="http://schemas.microsoft.com/developer/msbuild/2003">
  <ItemGroup>
    <Filter Include="Source Files">
      <UniqueIdentifier>{4FC737F1-C7A5-4376-A066-2A32D752A2FF}</UniqueIdentifier>
      <Extensions>cpp;c;cc;cxx;c++;cppm;ixx;def;odl;idl;hpj;bat;asm;asmx</Extensions>
    </Filter>
    <Filter Include="Header Files">
      <UniqueIdentifier>{93995380-89BD-4b04-88EB-625FBE52EBFB}</UniqueIdentifier>
      <Extensions>h;hh;hpp;hxx;h++;hm;inl;inc;ipp;xsd</Extensions>
    </Filter>
    <Filter Include="Resource Files">
      <UniqueIdentifier>{67DA6AB6-F800-4c08-8B7A-83BB121AAD01}</UniqueIdentifier>
      <Extensions>rc;ico;cur;bmp;dlg;rc2;rct;bin;rgs;gif;jpg;jpeg;jpe;resx;tiff;tif;png;wav;mfcribbon-ms</Extensions>
    </Filter>
    <Filter Include="Grid">
      <UniqueIdentifier>{a4f13012-bff5-48b3-a367-9c0e122dff42}</UniqueIdentifier>
    </Filter>
    <Filter Include="Grid\Source Files">
      <UniqueIdentifier>{12215990-5002-4509-b46a-b9f9ce9914c8}</UniqueIdentifier>
    </Filter>
    <Filter Include="Grid\Header Files">
      <UniqueIdentifier>{28a90b9c-a001-4756-ba51-730ee70c9dcc}</UniqueIdentifier>
    </Filter>
    <Filter Include="Line">
      <UniqueIdentifier>{f64e8a7f-57e1-49c9-acaf-d44340cda289}</UniqueIdentifier>
    </Filter>
    <Filter Include="Line\Header Files">
      <UniqueIdentifier>{04903dfb-0742-45f1-81da-e9ff4c8419e4}</UniqueIdentifier>
    </Filter>
    <Filter Include="Line\Source Files">
      <UniqueIdentifier>{2557f853-b25c-4a68-af95-42e9594cf6ce}</UniqueIdentifier>
    </Filter>
  </ItemGroup>
  <ItemGroup>
    <ClCompile Include="Interpolate.cpp">
      <Filter>Source Files</Filter>
    </ClCompile>
    <ClCompile Include="OneDimLine.cpp">
      <Filter>Line\Source Files</Filter>
    </ClCompile>
  </ItemGroup>
  <ItemGroup>
    <ClInclude Include="GridIF.h">
      <Filter>Grid\Header Files</Filter>
    </ClInclude>
    <ClInclude Include="DimOneGrid.h">
      <Filter>Grid\Header Files</Filter>
    </ClInclude>
    <ClInclude Include="DimOneRange.h">
      <Filter>Grid\Header Files</Filter>
    </ClInclude>
    <ClInclude Include="LineIF.h">
      <Filter>Line\Header Files</Filter>
    </ClInclude>
    <ClInclude Include="OneDimLine.h">
      <Filter>Line\Header Files</Filter>
    </ClInclude>
  </ItemGroup>
</Project>